
Microsoft Visual Studio Solution File, Format Version 12.00
# Visual Studio Version 16
VisualStudioVersion = 16.0.32106.194
MinimumVisualStudioVersion = 10.0.40219.1
Project("{FAE04EC0-301F-11D3-BF4B-00C04F79EFBC}") = "EskaRock", "EskaRock\EskaRock.csproj", "{214920B6-74F5-4F32-ADC9-3798F4707B63}"
EndProject
Global
	GlobalSection(SolutionConfigurationPlatforms) = preSolution
		Debug|Any CPU = Debug|Any CPU
		Release|Any CPU = Release|Any CPU
	EndGlobalSection
	GlobalSection(ProjectConfigurationPlatforms) = postSolution
		{214920B6-74F5-4F32-ADC9-3798F4707B63}.Debug|Any CPU.ActiveCfg = Debug|Any CPU
		{214920B6-74F5-4F32-ADC9-3798F4707B63}.Debug|Any CPU.Build.0 = Debug|Any CPU
		{214920B6-74F5-4F32-ADC9-3798F4707B63}.Release|Any CPU.ActiveCfg = Release|Any CPU
		{214920B6-74F5-4F32-ADC9-3798F4707B63}.Release|Any CPU.Build.0 = Release|Any CPU
	EndGlobalSection
	GlobalSection(SolutionProperties) = preSolution
		HideSolutionNode = FALSE
	EndGlobalSection
	GlobalSection(ExtensibilityGlobals) = postSolution
		SolutionGuid = {A0F7CAA8-E091-47C7-A57A-BDD6B5378021}
	EndGlobalSection
EndGlobal
